
Microsoft Visual Studio Solution File, Format Version 12.00
# Visual Studio Version 16
VisualStudioVersion = 16.0.29609.76
MinimumVisualStudioVersion = 10.0.40219.1
Project("{FAE04EC0-301F-11D3-BF4B-00C04F79EFBC}") = "TesteDTI", "TesteDTI\TesteDTI.csproj", "{10555817-210F-459D-AFBF-7FBFAFF5700B}"
EndProject
Global
	GlobalSection(SolutionConfigurationPlatforms) = preSolution
		Debug|Any CPU = Debug|Any CPU
		Release|Any CPU = Release|Any CPU
	EndGlobalSection
	GlobalSection(ProjectConfigurationPlatforms) = postSolution
		{10555817-210F-459D-AFBF-7FBFAFF5700B}.Debug|Any CPU.ActiveCfg = Debug|Any CPU
		{10555817-210F-459D-AFBF-7FBFAFF5700B}.Debug|Any CPU.Build.0 = Debug|Any CPU
		{10555817-210F-459D-AFBF-7FBFAFF5700B}.Release|Any CPU.ActiveCfg = Release|Any CPU
		{10555817-210F-459D-AFBF-7FBFAFF5700B}.Release|Any CPU.Build.0 = Release|Any CPU
	EndGlobalSection
	GlobalSection(SolutionProperties) = preSolution
		HideSolutionNode = FALSE
	EndGlobalSection
	GlobalSection(ExtensibilityGlobals) = postSolution
		SolutionGuid = {E043110C-30A6-4B43-A58E-A72C8237B387}
	EndGlobalSection
EndGlobal
